github.com/gin-gonic/gin v1.9.1 h1:AAAAAAAAAAAAAAAAAAAAAAAAAAAAAAAAAAAAAAAAAAA=
github.com/gin-gonic/gin v1.9.1/go.mod h1:BBBBBBBBBBBBBBBBBBBBBBBBBBBBBBBBBBBBBBBBBBB=
github.com/google/uuid v1.6.0 h1:CCCCCCCCCCCCCCCCCCCCCCCCCCCCCCCCCCCCCCCCCCC=
github.com/google/uuid v1.6.0/go.mod h1:DDDDDDDDDDDDDDDDDDDDDDDDDDDDDDDDDDDDDDDDDDD=
github.com/spf13/cobra v1.8.0 h1:EEEEEEEEEEEEEEEEEEEEEEEEEEEEEEEEEEEEEEEEEEE=
github.com/spf13/cobra v1.8.0/go.mod h1:FFFFFFFFFFFFFFFFFFFFFFFFFFFFFFFFFFFFFFFFFFF=
golang.org/x/text v0.14.0 h1:GGGGGGGGGGGGGGGGGGGGGGGGGGGGGGGGGGGGGGGGGGG=
golang.org/x/text v0.14.0/go.mod h1:HHHHHHHHHHHHHHHHHHHHHHHHHHHHHHHHHHHHHHHHHHH=
